// !$*UTF8*$!
{
	archiveVersion = 1;
	classes = {
	};
	objectVersion = 77;
	objects = {

/* Begin PBXBuildFile section */
		CA2000000000000000000001 /* CambiumCore in Frameworks */ = {isa = PBXBuildFile; productRef = CA1000000000000000000001 /* CambiumCore */; };
		CA2000000000000000000002 /* CambiumBuilder in Frameworks */ = {isa = PBXBuildFile; productRef = CA1000000000000000000002 /* CambiumBuilder */; };
		CA2000000000000000000003 /* CambiumIncremental in Frameworks */ = {isa = PBXBuildFile; productRef = CA1000000000000000000003 /* CambiumIncremental */; };
		CA2000000000000000000004 /* CambiumCore in Frameworks */ = {isa = PBXBuildFile; productRef = CA1000000000000000000001 /* CambiumCore */; };
		CA2000000000000000000005 /* CambiumASTSupport in Frameworks */ = {isa = PBXBuildFile; productRef = CA1000000000000000000004 /* CambiumASTSupport */; };
		CA2000000000000000000006 /* CambiumSyntaxMacros in Frameworks */ = {isa = PBXBuildFile; productRef = CA1000000000000000000005 /* CambiumSyntaxMacros */; };
/* End PBXBuildFile section */

/* Begin PBXContainerItemProxy section */
		CA3000000000000000000008 /* PBXContainerItemProxy */ = {
			isa = PBXContainerItemProxy;
			containerPortal = 231349772FA67AAF00958BAB /* Project object */;
			proxyType = 1;
			remoteGlobalIDString = 2313497E2FA67AAF00958BAB;
			remoteInfo = Liminal;
		};
/* End PBXContainerItemProxy section */

/* Begin PBXFileReference section */
		2313497F2FA67AAF00958BAB /* Liminal.app */ = {isa = PBXFileReference; explicitFileType = wrapper.application; includeInIndex = 0; path = Liminal.app; sourceTree = BUILT_PRODUCTS_DIR; };
		CA3000000000000000000001 /* LiminalTests.xctest */ = {isa = PBXFileReference; explicitFileType = wrapper.cfbundle; includeInIndex = 0; path = LiminalTests.xctest; sourceTree = BUILT_PRODUCTS_DIR; };
/* End PBXFileReference section */

/* Begin PBXFileSystemSynchronizedBuildFileExceptionSet section */
		2313FFFF000000000000F100 /* Exceptions for "Liminal" folder in "Liminal" target */ = {
			isa = PBXFileSystemSynchronizedBuildFileExceptionSet;
			membershipExceptions = (
				Info.plist,
			);
			target = 2313497E2FA67AAF00958BAB /* Liminal */;
		};
/* End PBXFileSystemSynchronizedBuildFileExceptionSet section */

/* Begin PBXFileSystemSynchronizedRootGroup section */
		231349812FA67AAF00958BAB /* Liminal */ = {
			isa = PBXFileSystemSynchronizedRootGroup;
			exceptions = (
				2313FFFF000000000000F100 /* Exceptions for "Liminal" folder in "Liminal" target */,
			);
			path = Liminal;
			sourceTree = "<group>";
		};
		CA3000000000000000000002 /* LiminalTests */ = {
			isa = PBXFileSystemSynchronizedRootGroup;
			path = LiminalTests;
			sourceTree = "<group>";
		};
/* End PBXFileSystemSynchronizedRootGroup section */

/* Begin PBXFrameworksBuildPhase section */
		2313497C2FA67AAF00958BAB /* Frameworks */ = {
			isa = PBXFrameworksBuildPhase;
			buildActionMask = 2147483647;
			files = (
				CA2000000000000000000001 /* CambiumCore in Frameworks */,
				CA2000000000000000000002 /* CambiumBuilder in Frameworks */,
				CA2000000000000000000003 /* CambiumIncremental in Frameworks */,
				CA2000000000000000000005 /* CambiumASTSupport in Frameworks */,
				CA2000000000000000000006 /* CambiumSyntaxMacros in Frameworks */,
			);
			runOnlyForDeploymentPostprocessing = 0;
		};
		CA3000000000000000000003 /* Frameworks */ = {
			isa = PBXFrameworksBuildPhase;
			buildActionMask = 2147483647;
			files = (
				CA2000000000000000000004 /* CambiumCore in Frameworks */,
			);
			runOnlyForDeploymentPostprocessing = 0;
		};
/* End PBXFrameworksBuildPhase section */

/* Begin PBXGroup section */
		231349762FA67AAF00958BAB = {
			isa = PBXGroup;
			children = (
				231349812FA67AAF00958BAB /* Liminal */,
				CA3000000000000000000002 /* LiminalTests */,
				231349802FA67AAF00958BAB /* Products */,
			);
			sourceTree = "<group>";
		};
		231349802FA67AAF00958BAB /* Products */ = {
			isa = PBXGroup;
			children = (
				2313497F2FA67AAF00958BAB /* Liminal.app */,
				CA3000000000000000000001 /* LiminalTests.xctest */,
			);
			name = Products;
			sourceTree = "<group>";
		};
/* End PBXGroup section */

/* Begin PBXNativeTarget section */
		2313497E2FA67AAF00958BAB /* Liminal */ = {
			isa = PBXNativeTarget;
			buildConfigurationList = 2313498A2FA67AB000958BAB /* Build configuration list for PBXNativeTarget "Liminal" */;
			buildPhases = (
				2313497B2FA67AAF00958BAB /* Sources */,
				2313497C2FA67AAF00958BAB /* Frameworks */,
				2313497D2FA67AAF00958BAB /* Resources */,
			);
			buildRules = (
			);
			dependencies = (
			);
			fileSystemSynchronizedGroups = (
				231349812FA67AAF00958BAB /* Liminal */,
			);
			name = Liminal;
			packageProductDependencies = (
				CA1000000000000000000001 /* CambiumCore */,
				CA1000000000000000000002 /* CambiumBuilder */,
				CA1000000000000000000003 /* CambiumIncremental */,
				CA1000000000000000000004 /* CambiumASTSupport */,
				CA1000000000000000000005 /* CambiumSyntaxMacros */,
			);
			productName = Liminal;
			productReference = 2313497F2FA67AAF00958BAB /* Liminal.app */;
			productType = "com.apple.product-type.application";
		};
		CA3000000000000000000006 /* LiminalTests */ = {
			isa = PBXNativeTarget;
			buildConfigurationList = CA3000000000000000000009 /* Build configuration list for PBXNativeTarget "LiminalTests" */;
			buildPhases = (
				CA3000000000000000000005 /* Sources */,
				CA3000000000000000000003 /* Frameworks */,
				CA3000000000000000000004 /* Resources */,
			);
			buildRules = (
			);
			dependencies = (
				CA3000000000000000000007 /* PBXTargetDependency */,
			);
			fileSystemSynchronizedGroups = (
				CA3000000000000000000002 /* LiminalTests */,
			);
			name = LiminalTests;
			packageProductDependencies = (
				CA1000000000000000000001 /* CambiumCore */,
			);
			productName = LiminalTests;
			productReference = CA3000000000000000000001 /* LiminalTests.xctest */;
			productType = "com.apple.product-type.bundle.unit-test";
		};
/* End PBXNativeTarget section */

/* Begin PBXProject section */
		231349772FA67AAF00958BAB /* Project object */ = {
			isa = PBXProject;
			attributes = {
				BuildIndependentTargetsInParallel = 1;
				LastSwiftUpdateCheck = 2640;
				LastUpgradeCheck = 2640;
				TargetAttributes = {
					2313497E2FA67AAF00958BAB = {
						CreatedOnToolsVersion = 26.4.1;
					};
					CA3000000000000000000006 = {
						CreatedOnToolsVersion = 26.4.1;
						TestTargetID = 2313497E2FA67AAF00958BAB;
					};
				};
			};
			buildConfigurationList = 2313497A2FA67AAF00958BAB /* Build configuration list for PBXProject "Liminal" */;
			developmentRegion = en;
			hasScannedForEncodings = 0;
			knownRegions = (
				en,
				Base,
			);
			mainGroup = 231349762FA67AAF00958BAB;
			minimizedProjectReferenceProxies = 1;
			packageReferences = (
				CA0000000000000000000001 /* XCLocalSwiftPackageReference "../cambium" */,
			);
			preferredProjectObjectVersion = 77;
			productRefGroup = 231349802FA67AAF00958BAB /* Products */;
			projectDirPath = "";
			projectRoot = "";
			targets = (
				2313497E2FA67AAF00958BAB /* Liminal */,
				CA3000000000000000000006 /* LiminalTests */,
			);
		};
/* End PBXProject section */

/* Begin PBXResourcesBuildPhase section */
		2313497D2FA67AAF00958BAB /* Resources */ = {
			isa = PBXResourcesBuildPhase;
			buildActionMask = 2147483647;
			files = (
			);
			runOnlyForDeploymentPostprocessing = 0;
		};
		CA3000000000000000000004 /* Resources */ = {
			isa = PBXResourcesBuildPhase;
			buildActionMask = 2147483647;
			files = (
			);
			runOnlyForDeploymentPostprocessing = 0;
		};
/* End PBXResourcesBuildPhase section */

/* Begin PBXSourcesBuildPhase section */
		2313497B2FA67AAF00958BAB /* Sources */ = {
			isa = PBXSourcesBuildPhase;
			buildActionMask = 2147483647;
			files = (
			);
			runOnlyForDeploymentPostprocessing = 0;
		};
		CA3000000000000000000005 /* Sources */ = {
			isa = PBXSourcesBuildPhase;
			buildActionMask = 2147483647;
			files = (
			);
			runOnlyForDeploymentPostprocessing = 0;
		};
/* End PBXSourcesBuildPhase section */

/* Begin PBXTargetDependency section */
		CA3000000000000000000007 /* PBXTargetDependency */ = {
			isa = PBXTargetDependency;
			target = 2313497E2FA67AAF00958BAB /* Liminal */;
			targetProxy = CA3000000000000000000008 /* PBXContainerItemProxy */;
		};
/* End PBXTargetDependency section */

/* Begin XCBuildConfiguration section */
		231349882FA67AB000958BAB /* Debug */ = {
			isa = XCBuildConfiguration;
			buildSettings = {
				ALWAYS_SEARCH_USER_PATHS = NO;
				ASSETCATALOG_COMPILER_GENERATE_SWIFT_ASSET_SYMBOL_EXTENSIONS = YES;
				CLANG_ANALYZER_NONNULL = YES;
				CLANG_ANALYZER_NUMBER_OBJECT_CONVERSION = YES_AGGRESSIVE;
				CLANG_CXX_LANGUAGE_STANDARD = "gnu++20";
				CLANG_ENABLE_MODULES = YES;
				CLANG_ENABLE_OBJC_ARC = YES;
				CLANG_ENABLE_OBJC_WEAK = YES;
				CLANG_WARN_BLOCK_CAPTURE_AUTORELEASING = YES;
				CLANG_WARN_BOOL_CONVERSION = YES;
				CLANG_WARN_COMMA = YES;
				CLANG_WARN_CONSTANT_CONVERSION = YES;
				CLANG_WARN_DEPRECATED_OBJC_IMPLEMENTATIONS = YES;
				CLANG_WARN_DIRECT_OBJC_ISA_USAGE = YES_ERROR;
				CLANG_WARN_DOCUMENTATION_COMMENTS = YES;
				CLANG_WARN_EMPTY_BODY = YES;
				CLANG_WARN_ENUM_CONVERSION = YES;
				CLANG_WARN_INFINITE_RECURSION = YES;
				CLANG_WARN_INT_CONVERSION = YES;
				CLANG_WARN_NON_LITERAL_NULL_CONVERSION = YES;
				CLANG_WARN_OBJC_IMPLICIT_RETAIN_SELF = YES;
				CLANG_WARN_OBJC_LITERAL_CONVERSION = YES;
				CLANG_WARN_OBJC_ROOT_CLASS = YES_ERROR;
				CLANG_WARN_QUOTED_INCLUDE_IN_FRAMEWORK_HEADER = YES;
				CLANG_WARN_RANGE_LOOP_ANALYSIS = YES;
				CLANG_WARN_STRICT_PROTOTYPES = YES;
				CLANG_WARN_SUSPICIOUS_MOVE = YES;
				CLANG_WARN_UNGUARDED_AVAILABILITY = YES_AGGRESSIVE;
				CLANG_WARN_UNREACHABLE_CODE = YES;
				CLANG_WARN__DUPLICATE_METHOD_MATCH = YES;
				COPY_PHASE_STRIP = NO;
				DEBUG_INFORMATION_FORMAT = dwarf;
				DEVELOPMENT_TEAM = 8DWR7MSCR6;
				ENABLE_STRICT_OBJC_MSGSEND = YES;
				ENABLE_TESTABILITY = YES;
				ENABLE_USER_SCRIPT_SANDBOXING = YES;
				GCC_C_LANGUAGE_STANDARD = gnu17;
				GCC_DYNAMIC_NO_PIC = NO;
				GCC_NO_COMMON_BLOCKS = YES;
				GCC_OPTIMIZATION_LEVEL = 0;
				GCC_PREPROCESSOR_DEFINITIONS = (
					"DEBUG=1",
					"$(inherited)",
				);
				GCC_WARN_64_TO_32_BIT_CONVERSION = YES;
				GCC_WARN_ABOUT_RETURN_TYPE = YES_ERROR;
				GCC_WARN_UNDECLARED_SELECTOR = YES;
				GCC_WARN_UNINITIALIZED_AUTOS = YES_AGGRESSIVE;
				GCC_WARN_UNUSED_FUNCTION = YES;
				GCC_WARN_UNUSED_VARIABLE = YES;
				LOCALIZATION_PREFERS_STRING_CATALOGS = YES;
				MACOSX_DEPLOYMENT_TARGET = 15.0;
				MTL_ENABLE_DEBUG_INFO = INCLUDE_SOURCE;
				MTL_FAST_MATH = YES;
				ONLY_ACTIVE_ARCH = YES;
				SDKROOT = macosx;
				SWIFT_ACTIVE_COMPILATION_CONDITIONS = "DEBUG $(inherited)";
				SWIFT_OPTIMIZATION_LEVEL = "-Onone";
			};
			name = Debug;
		};
		231349892FA67AB000958BAB /* Release */ = {
			isa = XCBuildConfiguration;
			buildSettings = {
				ALWAYS_SEARCH_USER_PATHS = NO;
				ASSETCATALOG_COMPILER_GENERATE_SWIFT_ASSET_SYMBOL_EXTENSIONS = YES;
				CLANG_ANALYZER_NONNULL = YES;
				CLANG_ANALYZER_NUMBER_OBJECT_CONVERSION = YES_AGGRESSIVE;
				CLANG_CXX_LANGUAGE_STANDARD = "gnu++20";
				CLANG_ENABLE_MODULES = YES;
				CLANG_ENABLE_OBJC_ARC = YES;
				CLANG_ENABLE_OBJC_WEAK = YES;
				CLANG_WARN_BLOCK_CAPTURE_AUTORELEASING = YES;
				CLANG_WARN_BOOL_CONVERSION = YES;
				CLANG_WARN_COMMA = YES;
				CLANG_WARN_CONSTANT_CONVERSION = YES;
				CLANG_WARN_DEPRECATED_OBJC_IMPLEMENTATIONS = YES;
				CLANG_WARN_DIRECT_OBJC_ISA_USAGE = YES_ERROR;
				CLANG_WARN_DOCUMENTATION_COMMENTS = YES;
				CLANG_WARN_EMPTY_BODY = YES;
				CLANG_WARN_ENUM_CONVERSION = YES;
				CLANG_WARN_INFINITE_RECURSION = YES;
				CLANG_WARN_INT_CONVERSION = YES;
				CLANG_WARN_NON_LITERAL_NULL_CONVERSION = YES;
				CLANG_WARN_OBJC_IMPLICIT_RETAIN_SELF = YES;
				CLANG_WARN_OBJC_LITERAL_CONVERSION = YES;
				CLANG_WARN_OBJC_ROOT_CLASS = YES_ERROR;
				CLANG_WARN_QUOTED_INCLUDE_IN_FRAMEWORK_HEADER = YES;
				CLANG_WARN_RANGE_LOOP_ANALYSIS = YES;
				CLANG_WARN_STRICT_PROTOTYPES = YES;
				CLANG_WARN_SUSPICIOUS_MOVE = YES;
				CLANG_WARN_UNGUARDED_AVAILABILITY = YES_AGGRESSIVE;
				CLANG_WARN_UNREACHABLE_CODE = YES;
				CLANG_WARN__DUPLICATE_METHOD_MATCH = YES;
				COPY_PHASE_STRIP = NO;
				DEBUG_INFORMATION_FORMAT = "dwarf-with-dsym";
				DEVELOPMENT_TEAM = 8DWR7MSCR6;
				ENABLE_NS_ASSERTIONS = NO;
				ENABLE_STRICT_OBJC_MSGSEND = YES;
				ENABLE_USER_SCRIPT_SANDBOXING = YES;
				GCC_C_LANGUAGE_STANDARD = gnu17;
				GCC_NO_COMMON_BLOCKS = YES;
				GCC_WARN_64_TO_32_BIT_CONVERSION = YES;
				GCC_WARN_ABOUT_RETURN_TYPE = YES_ERROR;
				GCC_WARN_UNDECLARED_SELECTOR = YES;
				GCC_WARN_UNINITIALIZED_AUTOS = YES_AGGRESSIVE;
				GCC_WARN_UNUSED_FUNCTION = YES;
				GCC_WARN_UNUSED_VARIABLE = YES;
				LOCALIZATION_PREFERS_STRING_CATALOGS = YES;
				MACOSX_DEPLOYMENT_TARGET = 15.0;
				MTL_ENABLE_DEBUG_INFO = NO;
				MTL_FAST_MATH = YES;
				SDKROOT = macosx;
				SWIFT_COMPILATION_MODE = wholemodule;
			};
			name = Release;
		};
		2313498B2FA67AB000958BAB /* Debug */ = {
			isa = XCBuildConfiguration;
			buildSettings = {
				ASSETCATALOG_COMPILER_APPICON_NAME = AppIcon;
				ASSETCATALOG_COMPILER_GLOBAL_ACCENT_COLOR_NAME = AccentColor;
				CODE_SIGN_STYLE = Automatic;
				COMBINE_HIDPI_IMAGES = YES;
				CURRENT_PROJECT_VERSION = 1;
				DEVELOPMENT_TEAM = 8DWR7MSCR6;
				ENABLE_APP_SANDBOX = NO;
				ENABLE_HARDENED_RUNTIME = YES;
				ENABLE_PREVIEWS = YES;
				INFOPLIST_FILE = Liminal/Info.plist;
				LD_RUNPATH_SEARCH_PATHS = (
					"$(inherited)",
					"@executable_path/../Frameworks",
				);
				MARKETING_VERSION = 1.0;
				PRODUCT_BUNDLE_IDENTIFIER = sub.dev.liminal;
				PRODUCT_NAME = "$(TARGET_NAME)";
				REGISTER_APP_GROUPS = YES;
				STRING_CATALOG_GENERATE_SYMBOLS = YES;
				SWIFT_APPROACHABLE_CONCURRENCY = YES;
				SWIFT_EMIT_LOC_STRINGS = YES;
				SWIFT_UPCOMING_FEATURE_MEMBER_IMPORT_VISIBILITY = YES;
				SWIFT_VERSION = 6.0;
			};
			name = Debug;
		};
		2313498C2FA67AB000958BAB /* Release */ = {
			isa = XCBuildConfiguration;
			buildSettings = {
				ASSETCATALOG_COMPILER_APPICON_NAME = AppIcon;
				ASSETCATALOG_COMPILER_GLOBAL_ACCENT_COLOR_NAME = AccentColor;
				CODE_SIGN_STYLE = Automatic;
				COMBINE_HIDPI_IMAGES = YES;
				CURRENT_PROJECT_VERSION = 1;
				DEVELOPMENT_TEAM = 8DWR7MSCR6;
				ENABLE_APP_SANDBOX = NO;
				ENABLE_HARDENED_RUNTIME = YES;
				ENABLE_PREVIEWS = YES;
				INFOPLIST_FILE = Liminal/Info.plist;
				LD_RUNPATH_SEARCH_PATHS = (
					"$(inherited)",
					"@executable_path/../Frameworks",
				);
				MARKETING_VERSION = 1.0;
				PRODUCT_BUNDLE_IDENTIFIER = sub.dev.liminal;
				PRODUCT_NAME = "$(TARGET_NAME)";
				REGISTER_APP_GROUPS = YES;
				STRING_CATALOG_GENERATE_SYMBOLS = YES;
				SWIFT_APPROACHABLE_CONCURRENCY = YES;
				SWIFT_EMIT_LOC_STRINGS = YES;
				SWIFT_UPCOMING_FEATURE_MEMBER_IMPORT_VISIBILITY = YES;
				SWIFT_VERSION = 6.0;
			};
			name = Release;
		};
		CA300000000000000000000A /* Debug */ = {
			isa = XCBuildConfiguration;
			buildSettings = {
				BUNDLE_LOADER = "$(TEST_HOST)";
				CODE_SIGN_STYLE = Automatic;
				CURRENT_PROJECT_VERSION = 1;
				DEVELOPMENT_TEAM = 8DWR7MSCR6;
				GENERATE_INFOPLIST_FILE = YES;
				LD_RUNPATH_SEARCH_PATHS = (
					"$(inherited)",
					"@executable_path/../Frameworks",
					"@loader_path/../Frameworks",
				);
				MACOSX_DEPLOYMENT_TARGET = 15.0;
				PRODUCT_BUNDLE_IDENTIFIER = sub.dev.liminalTests;
				PRODUCT_NAME = "$(TARGET_NAME)";
				STRING_CATALOG_GENERATE_SYMBOLS = NO;
				SWIFT_ACTIVE_COMPILATION_CONDITIONS = "DEBUG $(inherited)";
				SWIFT_EMIT_LOC_STRINGS = NO;
				SWIFT_VERSION = 6.0;
				TEST_HOST = "$(BUILT_PRODUCTS_DIR)/Liminal.app/Contents/MacOS/Liminal";
				TEST_TARGET_NAME = Liminal;
			};
			name = Debug;
		};
		CA300000000000000000000B /* Release */ = {
			isa = XCBuildConfiguration;
			buildSettings = {
				BUNDLE_LOADER = "$(TEST_HOST)";
				CODE_SIGN_STYLE = Automatic;
				CURRENT_PROJECT_VERSION = 1;
				DEVELOPMENT_TEAM = 8DWR7MSCR6;
				GENERATE_INFOPLIST_FILE = YES;
				LD_RUNPATH_SEARCH_PATHS = (
					"$(inherited)",
					"@executable_path/../Frameworks",
					"@loader_path/../Frameworks",
				);
				MACOSX_DEPLOYMENT_TARGET = 15.0;
				PRODUCT_BUNDLE_IDENTIFIER = sub.dev.liminalTests;
				PRODUCT_NAME = "$(TARGET_NAME)";
				STRING_CATALOG_GENERATE_SYMBOLS = NO;
				SWIFT_EMIT_LOC_STRINGS = NO;
				SWIFT_VERSION = 6.0;
				TEST_HOST = "$(BUILT_PRODUCTS_DIR)/Liminal.app/Contents/MacOS/Liminal";
				TEST_TARGET_NAME = Liminal;
			};
			name = Release;
		};
/* End XCBuildConfiguration section */

/* Begin XCConfigurationList section */
		2313497A2FA67AAF00958BAB /* Build configuration list for PBXProject "Liminal" */ = {
			isa = XCConfigurationList;
			buildConfigurations = (
				231349882FA67AB000958BAB /* Debug */,
				231349892FA67AB000958BAB /* Release */,
			);
			defaultConfigurationIsVisible = 0;
			defaultConfigurationName = Release;
		};
		2313498A2FA67AB000958BAB /* Build configuration list for PBXNativeTarget "Liminal" */ = {
			isa = XCConfigurationList;
			buildConfigurations = (
				2313498B2FA67AB000958BAB /* Debug */,
				2313498C2FA67AB000958BAB /* Release */,
			);
			defaultConfigurationIsVisible = 0;
			defaultConfigurationName = Release;
		};
		CA3000000000000000000009 /* Build configuration list for PBXNativeTarget "LiminalTests" */ = {
			isa = XCConfigurationList;
			buildConfigurations = (
				CA300000000000000000000A /* Debug */,
				CA300000000000000000000B /* Release */,
			);
			defaultConfigurationIsVisible = 0;
			defaultConfigurationName = Release;
		};
/* End XCConfigurationList section */

/* Begin XCLocalSwiftPackageReference section */
		CA0000000000000000000001 /* XCLocalSwiftPackageReference "../cambium" */ = {
			isa = XCLocalSwiftPackageReference;
			relativePath = ../cambium;
		};
/* End XCLocalSwiftPackageReference section */

/* Begin XCSwiftPackageProductDependency section */
		CA1000000000000000000001 /* CambiumCore */ = {
			isa = XCSwiftPackageProductDependency;
			package = CA0000000000000000000001 /* XCLocalSwiftPackageReference "../cambium" */;
			productName = CambiumCore;
		};
		CA1000000000000000000002 /* CambiumBuilder */ = {
			isa = XCSwiftPackageProductDependency;
			package = CA0000000000000000000001 /* XCLocalSwiftPackageReference "../cambium" */;
			productName = CambiumBuilder;
		};
		CA1000000000000000000003 /* CambiumIncremental */ = {
			isa = XCSwiftPackageProductDependency;
			package = CA0000000000000000000001 /* XCLocalSwiftPackageReference "../cambium" */;
			productName = CambiumIncremental;
		};
		CA1000000000000000000004 /* CambiumASTSupport */ = {
			isa = XCSwiftPackageProductDependency;
			package = CA0000000000000000000001 /* XCLocalSwiftPackageReference "../cambium" */;
			productName = CambiumASTSupport;
		};
		CA1000000000000000000005 /* CambiumSyntaxMacros */ = {
			isa = XCSwiftPackageProductDependency;
			package = CA0000000000000000000001 /* XCLocalSwiftPackageReference "../cambium" */;
			productName = CambiumSyntaxMacros;
		};
/* End XCSwiftPackageProductDependency section */
	};
	rootObject = 231349772FA67AAF00958BAB /* Project object */;
}
